Microsoft Visual Studio Solution File, Format Version 12.00
# Visual Studio Version 17
VisualStudioVersion = 17.0.31611.283
MinimumVisualStudioVersion = 10.0.40219.1
Project("{FAE04EC0-301F-11D3-BF4B-00C04F79EFBC}") = "SliccDBStudio.Wpf", "SliccDBStudio.Wpf\SliccDBStudio.Wpf.csproj", "{66F73AD5-E137-41C1-88C1-26004C6A95A1}"
EndProject
Global
	GlobalSection(SolutionConfigurationPlatforms) = preSolution
		Debug|Any CPU = Debug|Any CPU
		Release|Any CPU = Release|Any CPU
	EndGlobalSection
	GlobalSection(ProjectConfigurationPlatforms) = postSolution
		{66F73AD5-E137-41C1-88C1-26004C6A95A1}.Debug|Any CPU.ActiveCfg = Debug|Any CPU
		{66F73AD5-E137-41C1-88C1-26004C6A95A1}.Debug|Any CPU.Build.0 = Debug|Any CPU
		{66F73AD5-E137-41C1-88C1-26004C6A95A1}.Release|Any CPU.ActiveCfg = Release|Any CPU
		{66F73AD5-E137-41C1-88C1-26004C6A95A1}.Release|Any CPU.Build.0 = Release|Any CPU
	EndGlobalSection
	GlobalSection(SolutionProperties) = preSolution
		HideSolutionNode = FALSE
	EndGlobalSection
	GlobalSection(ExtensibilityGlobals) = postSolution
										SolutionGuid = {61F7FB11-1E47-470C-91E2-47F8143E1572}
		SolutionGuid = {5A16D5AE-503F-4E1D-A55D-29E526CCFA03}
	EndGlobalSection
EndGlobal
